
Microsoft Visual Studio Solution File, Format Version 11.00
# Visual Studio 2010
Project("{FAE04EC0-301F-11D3-BF4B-00C04F79EFBC}") = "Markd.Web", "Markd.Web\Markd.Web.csproj", "{FD9C5AAB-D6A0-4EFD-AB9F-2E0D00677A3A}"
EndProject
Project("{2150E333-8FDC-42A3-9474-1A3956D46DE8}") = "src", "src", "{3A4AF75E-29EF-492A-B7DF-4B0DA9C41C04}"
EndProject
Project("{FAE04EC0-301F-11D3-BF4B-00C04F79EFBC}") = "Markd.Services", "Markd.Services\Markd.Services.csproj", "{83B19B36-AD72-4CDD-92B7-E01229AA605F}"
EndProject
Project("{FAE04EC0-301F-11D3-BF4B-00C04F79EFBC}") = "Markd.DomainModels", "Markd.DomainModels\Markd.DomainModels.csproj", "{5E9042B4-145D-43C6-8C47-94145D74F703}"
EndProject
Project("{FAE04EC0-301F-11D3-BF4B-00C04F79EFBC}") = "Markd.Adaptors", "Markd.Adaptors\Markd.Adaptors.csproj", "{82D4BAE6-3B1C-4E37-9F25-542800C08838}"
EndProject
Project("{FAE04EC0-301F-11D3-BF4B-00C04F79EFBC}") = "Markd.ViewModels", "Markd.ViewModels\Markd.ViewModels.csproj", "{2C27468E-EA0B-431A-A22A-4EDE0E0E0FBB}"
EndProject
Global
	GlobalSection(SolutionConfigurationPlatforms) = preSolution
		Debug|Any CPU = Debug|Any CPU
		Debug|Mixed Platforms = Debug|Mixed Platforms
		Debug|x86 = Debug|x86
		Release|Any CPU = Release|Any CPU
		Release|Mixed Platforms = Release|Mixed Platforms
		Release|x86 = Release|x86
	EndGlobalSection
	GlobalSection(ProjectConfigurationPlatforms) = postSolution
		{FD9C5AAB-D6A0-4EFD-AB9F-2E0D00677A3A}.Debug|Any CPU.ActiveCfg = Debug|Any CPU
		{FD9C5AAB-D6A0-4EFD-AB9F-2E0D00677A3A}.Debug|Any CPU.Build.0 = Debug|Any CPU
		{FD9C5AAB-D6A0-4EFD-AB9F-2E0D00677A3A}.Debug|Mixed Platforms.ActiveCfg = Debug|Any CPU
		{FD9C5AAB-D6A0-4EFD-AB9F-2E0D00677A3A}.Debug|Mixed Platforms.Build.0 = Debug|Any CPU
		{FD9C5AAB-D6A0-4EFD-AB9F-2E0D00677A3A}.Debug|x86.ActiveCfg = Debug|Any CPU
		{FD9C5AAB-D6A0-4EFD-AB9F-2E0D00677A3A}.Release|Any CPU.ActiveCfg = Release|Any CPU
		{FD9C5AAB-D6A0-4EFD-AB9F-2E0D00677A3A}.Release|Any CPU.Build.0 = Release|Any CPU
		{FD9C5AAB-D6A0-4EFD-AB9F-2E0D00677A3A}.Release|Mixed Platforms.ActiveCfg = Release|Any CPU
		{FD9C5AAB-D6A0-4EFD-AB9F-2E0D00677A3A}.Release|Mixed Platforms.Build.0 = Release|Any CPU
		{FD9C5AAB-D6A0-4EFD-AB9F-2E0D00677A3A}.Release|x86.ActiveCfg = Release|Any CPU
		{83B19B36-AD72-4CDD-92B7-E01229AA605F}.Debug|Any CPU.ActiveCfg = Debug|Any CPU
		{83B19B36-AD72-4CDD-92B7-E01229AA605F}.Debug|Any CPU.Build.0 = Debug|Any CPU
		{83B19B36-AD72-4CDD-92B7-E01229AA605F}.Debug|Mixed Platforms.ActiveCfg = Debug|Any CPU
		{83B19B36-AD72-4CDD-92B7-E01229AA605F}.Debug|Mixed Platforms.Build.0 = Debug|Any CPU
		{83B19B36-AD72-4CDD-92B7-E01229AA605F}.Debug|x86.ActiveCfg = Debug|Any CPU
		{83B19B36-AD72-4CDD-92B7-E01229AA605F}.Release|Any CPU.ActiveCfg = Release|Any CPU
		{83B19B36-AD72-4CDD-92B7-E01229AA605F}.Release|Any CPU.Build.0 = Release|Any CPU
		{83B19B36-AD72-4CDD-92B7-E01229AA605F}.Release|Mixed Platforms.ActiveCfg = Release|Any CPU
		{83B19B36-AD72-4CDD-92B7-E01229AA605F}.Release|Mixed Platforms.Build.0 = Release|Any CPU
		{83B19B36-AD72-4CDD-92B7-E01229AA605F}.Release|x86.ActiveCfg = Release|Any CPU
		{5E9042B4-145D-43C6-8C47-94145D74F703}.Debug|Any CPU.ActiveCfg = Debug|Any CPU
		{5E9042B4-145D-43C6-8C47-94145D74F703}.Debug|Any CPU.Build.0 = Debug|Any CPU
		{5E9042B4-145D-43C6-8C47-94145D74F703}.Debug|Mixed Platforms.ActiveCfg = Debug|Any CPU
		{5E9042B4-145D-43C6-8C47-94145D74F703}.Debug|Mixed Platforms.Build.0 = Debug|Any CPU
		{5E9042B4-145D-43C6-8C47-94145D74F703}.Debug|x86.ActiveCfg = Debug|Any CPU
		{5E9042B4-145D-43C6-8C47-94145D74F703}.Release|Any CPU.ActiveCfg = Release|Any CPU
		{5E9042B4-145D-43C6-8C47-94145D74F703}.Release|Any CPU.Build.0 = Release|Any CPU
		{5E9042B4-145D-43C6-8C47-94145D74F703}.Release|Mixed Platforms.ActiveCfg = Release|Any CPU
		{5E9042B4-145D-43C6-8C47-94145D74F703}.Release|Mixed Platforms.Build.0 = Release|Any CPU
		{5E9042B4-145D-43C6-8C47-94145D74F703}.Release|x86.ActiveCfg = Release|Any CPU
		{82D4BAE6-3B1C-4E37-9F25-542800C08838}.Debug|Any CPU.ActiveCfg = Debug|Any CPU
		{82D4BAE6-3B1C-4E37-9F25-542800C08838}.Debug|Any CPU.Build.0 = Debug|Any CPU
		{82D4BAE6-3B1C-4E37-9F25-542800C08838}.Debug|Mixed Platforms.ActiveCfg = Debug|Any CPU
		{82D4BAE6-3B1C-4E37-9F25-542800C08838}.Debug|Mixed Platforms.Build.0 = Debug|Any CPU
		{82D4BAE6-3B1C-4E37-9F25-542800C08838}.Debug|x86.ActiveCfg = Debug|Any CPU
		{82D4BAE6-3B1C-4E37-9F25-542800C08838}.Release|Any CPU.ActiveCfg = Release|Any CPU
		{82D4BAE6-3B1C-4E37-9F25-542800C08838}.Release|Any CPU.Build.0 = Release|Any CPU
		{82D4BAE6-3B1C-4E37-9F25-542800C08838}.Release|Mixed Platforms.ActiveCfg = Release|Any CPU
		{82D4BAE6-3B1C-4E37-9F25-542800C08838}.Release|Mixed Platforms.Build.0 = Release|Any CPU
		{82D4BAE6-3B1C-4E37-9F25-542800C08838}.Release|x86.ActiveCfg = Release|Any CPU
		{2C27468E-EA0B-431A-A22A-4EDE0E0E0FBB}.Debug|Any CPU.ActiveCfg = Debug|Any CPU
		{2C27468E-EA0B-431A-A22A-4EDE0E0E0FBB}.Debug|Any CPU.Build.0 = Debug|Any CPU
		{2C27468E-EA0B-431A-A22A-4EDE0E0E0FBB}.Debug|Mixed Platforms.ActiveCfg = Debug|Any CPU
		{2C27468E-EA0B-431A-A22A-4EDE0E0E0FBB}.Debug|Mixed Platforms.Build.0 = Debug|Any CPU
		{2C27468E-EA0B-431A-A22A-4EDE0E0E0FBB}.Debug|x86.ActiveCfg = Debug|Any CPU
		{2C27468E-EA0B-431A-A22A-4EDE0E0E0FBB}.Release|Any CPU.ActiveCfg = Release|Any CPU
		{2C27468E-EA0B-431A-A22A-4EDE0E0E0FBB}.Release|Any CPU.Build.0 = Release|Any CPU
		{2C27468E-EA0B-431A-A22A-4EDE0E0E0FBB}.Release|Mixed Platforms.ActiveCfg = Release|Any CPU
		{2C27468E-EA0B-431A-A22A-4EDE0E0E0FBB}.Release|Mixed Platforms.Build.0 = Release|Any CPU
		{2C27468E-EA0B-431A-A22A-4EDE0E0E0FBB}.Release|x86.ActiveCfg = Release|Any CPU
	EndGlobalSection
	GlobalSection(SolutionProperties) = preSolution
		HideSolutionNode = FALSE
	EndGlobalSection
	GlobalSection(NestedProjects) = preSolution
		{FD9C5AAB-D6A0-4EFD-AB9F-2E0D00677A3A} = {3A4AF75E-29EF-492A-B7DF-4B0DA9C41C04}
		{83B19B36-AD72-4CDD-92B7-E01229AA605F} = {3A4AF75E-29EF-492A-B7DF-4B0DA9C41C04}
		{5E9042B4-145D-43C6-8C47-94145D74F703} = {3A4AF75E-29EF-492A-B7DF-4B0DA9C41C04}
		{82D4BAE6-3B1C-4E37-9F25-542800C08838} = {3A4AF75E-29EF-492A-B7DF-4B0DA9C41C04}
		{2C27468E-EA0B-431A-A22A-4EDE0E0E0FBB} = {3A4AF75E-29EF-492A-B7DF-4B0DA9C41C04}
	EndGlobalSection
EndGlobal
